
Microsoft Visual Studio Solution File, Format Version 12.00
# Visual Studio Version 17
VisualStudioVersion = 17.9.34902.65
MinimumVisualStudioVersion = 10.0.40219.1
Project("{FAE04EC0-301F-11D3-BF4B-00C04F79EFBC}") = "BlogApp", "BlogApp\BlogApp.csproj", "{1FCEDCA4-49F1-4C52-96CD-4F72793A0F9E}"
EndProject
Project("{FAE04EC0-301F-11D3-BF4B-00C04F79EFBC}") = "BlogApp.Application", "BlogApp.Application\BlogApp.Application.csproj", "{C1B2D282-A42D-4FE5-BC13-44BAD7651231}"
EndProject
Project("{FAE04EC0-301F-11D3-BF4B-00C04F79EFBC}") = "BlogApp.Domain", "BlogApp.Domain\BlogApp.Domain.csproj", "{06627666-1479-43FD-8D4D-637920D6A946}"
EndProject
Project("{FAE04EC0-301F-11D3-BF4B-00C04F79EFBC}") = "BlogApp.Infrastructure", "BlogApp.Infrastructure\BlogApp.Infrastructure.csproj", "{B0E533FA-202A-4876-A4C1-F00E506C3702}"
EndProject
Global
	GlobalSection(SolutionConfigurationPlatforms) = preSolution
		Debug|Any CPU = Debug|Any CPU
		Release|Any CPU = Release|Any CPU
	EndGlobalSection
	GlobalSection(ProjectConfigurationPlatforms) = postSolution
		{1FCEDCA4-49F1-4C52-96CD-4F72793A0F9E}.Debug|Any CPU.ActiveCfg = Debug|Any CPU
		{1FCEDCA4-49F1-4C52-96CD-4F72793A0F9E}.Debug|Any CPU.Build.0 = Debug|Any CPU
		{1FCEDCA4-49F1-4C52-96CD-4F72793A0F9E}.Release|Any CPU.ActiveCfg = Release|Any CPU
		{1FCEDCA4-49F1-4C52-96CD-4F72793A0F9E}.Release|Any CPU.Build.0 = Release|Any CPU
		{C1B2D282-A42D-4FE5-BC13-44BAD7651231}.Debug|Any CPU.ActiveCfg = Debug|Any CPU
		{C1B2D282-A42D-4FE5-BC13-44BAD7651231}.Debug|Any CPU.Build.0 = Debug|Any CPU
		{C1B2D282-A42D-4FE5-BC13-44BAD7651231}.Release|Any CPU.ActiveCfg = Release|Any CPU
		{C1B2D282-A42D-4FE5-BC13-44BAD7651231}.Release|Any CPU.Build.0 = Release|Any CPU
		{06627666-1479-43FD-8D4D-637920D6A946}.Debug|Any CPU.ActiveCfg = Debug|Any CPU
		{06627666-1479-43FD-8D4D-637920D6A946}.Debug|Any CPU.Build.0 = Debug|Any CPU
		{06627666-1479-43FD-8D4D-637920D6A946}.Release|Any CPU.ActiveCfg = Release|Any CPU
		{06627666-1479-43FD-8D4D-637920D6A946}.Release|Any CPU.Build.0 = Release|Any CPU
		{B0E533FA-202A-4876-A4C1-F00E506C3702}.Debug|Any CPU.ActiveCfg = Debug|Any CPU
		{B0E533FA-202A-4876-A4C1-F00E506C3702}.Debug|Any CPU.Build.0 = Debug|Any CPU
		{B0E533FA-202A-4876-A4C1-F00E506C3702}.Release|Any CPU.ActiveCfg = Release|Any CPU
		{B0E533FA-202A-4876-A4C1-F00E506C3702}.Release|Any CPU.Build.0 = Release|Any CPU
	EndGlobalSection
	GlobalSection(SolutionProperties) = preSolution
		HideSolutionNode = FALSE
	EndGlobalSection
	GlobalSection(ExtensibilityGlobals) = postSolution
		SolutionGuid = {88B4D2FF-E8AF-4A99-97DC-572BC58A1C39}
	EndGlobalSection
EndGlobal
